github.com/CreoDAMO/REPAR/ai/autonomous v0.0.0-20260221213135-b66040cfe89e h1:MrVyrMpqTO9r8NOtJfAmnBBG37/3V7N6gakfkz4eOVM=
github.com/CreoDAMO/REPAR/ai/autonomous v0.0.0-20260221213135-b66040cfe89e/go.mod h1:ttbHT220QT3LKurFHoGWwIYXTiRVARvMUM5caY1DK/E=
github.com/lib/pq v1.10.9 h1:YXG7RB+JIjhP29X+OtkiDnYaXQwpS4JEWq7dtCCRUEw=
github.com/lib/pq v1.10.9/go.mod h1:AlVN5x4E4T544tWzH6hKfbfQvm3HdbOxrmggDNAPY9o=
